<?xml version="1.0" encoding="utf-8"?>
<Project ToolsVersion="4.0" xmlns="http://schemas.microsoft.com/developer/msbuild/2003">
  <ItemGroup>
    <Filter Include=".xUnitTest">
      <UniqueIdentifier>{8778e3b6-167d-461d-ac98-2a0003298487}</UniqueIdentifier>
    </Filter>
    <Filter Include="Suite Tests">
      <UniqueIdentifier>{5d457a25-c735-406d-8e72-7efbf350012a}</UniqueIdentifier>
    </Filter>
  </ItemGroup>
  <ItemGroup>
    <ClInclude Include="include\xUnitTest\xUnitTestList.h">
      <Filter>.xUnitTest</Filter>
    </ClInclude>
    <ClInclude Include="include\xUnitTest\xUnitTestResult.h">
      <Filter>.xUnitTest</Filter>
    </ClInclude>
    <ClInclude Include="include\xUnitTest\xUnitTest.h">
      <Filter>.xUnitTest</Filter>
    </ClInclude>
  </ItemGroup>
  <ItemGroup>
    <ClCompile Include="src\xUnitTest\xUnitTest.cxx">
      <Filter>.xUnitTest</Filter>
    </ClCompile>
    <ClCompile Include="src\xUnitTest\xUnitTestList.cxx">
      <Filter>.xUnitTest</Filter>
    </ClCompile>
    <ClCompile Include="src\xUnitTest\xUnitTestResult.cxx">
      <Filter>.xUnitTest</Filter>
    </ClCompile>
    <ClCompile Include="src\xUnitTest\main.cxx" />
    <ClCompile Include="src\xUnitTest\SuiteTests\xMatrix.cxx">
      <Filter>Suite Tests</Filter>
    </ClCompile>
    <ClCompile Include="src\xUnitTest\SuiteTests\xQuaternion.cxx">
      <Filter>Suite Tests</Filter>
    </ClCompile>
    <ClCompile Include="src\xUnitTest\SuiteTests\xVector.cxx">
      <Filter>Suite Tests</Filter>
    </ClCompile>
    <ClCompile Include="src\xUnitTest\SuiteTests\xMath.cxx">
      <Filter>Suite Tests</Filter>
    </ClCompile>
  </ItemGroup>
</Project>