
Microsoft Visual Studio Solution File, Format Version 12.00
# Visual Studio 15
VisualStudioVersion = 15.0.26403.7
MinimumVisualStudioVersion = 10.0.40219.1
Project("{8BC9CEB8-8B4A-11D0-8D11-00A0C91BC942}") = ".xUnitTest", "IslandEngine\xUnitTest.vcxproj", "{D2450369-4591-4CAA-BD6A-D370B8BE007A}"
EndProject
Project("{8BC9CEB8-8B4A-11D0-8D11-00A0C91BC942}") = "IslandEngine", "IslandEngine\IslandEngine.vcxproj", "{69AB9DB7-6B45-41D3-BEAE-E677DA10752E}"
EndProject
Project("{8BC9CEB8-8B4A-11D0-8D11-00A0C91BC942}") = "FBXLoader", "FBXLoader\FBXLoader.vcxproj", "{AF31174D-C05A-4CFB-95B7-D43531053BCD}"
EndProject
Global
	GlobalSection(SolutionConfigurationPlatforms) = preSolution
		Debug|x64 = Debug|x64
		Release|x64 = Release|x64
	EndGlobalSection
	GlobalSection(ProjectConfigurationPlatforms) = postSolution
		{D2450369-4591-4CAA-BD6A-D370B8BE007A}.Debug|x64.ActiveCfg = Debug|x64
		{D2450369-4591-4CAA-BD6A-D370B8BE007A}.Debug|x64.Build.0 = Debug|x64
		{D2450369-4591-4CAA-BD6A-D370B8BE007A}.Release|x64.ActiveCfg = Debug|x64
		{D2450369-4591-4CAA-BD6A-D370B8BE007A}.Release|x64.Build.0 = Debug|x64
		{69AB9DB7-6B45-41D3-BEAE-E677DA10752E}.Debug|x64.ActiveCfg = Debug|x64
		{69AB9DB7-6B45-41D3-BEAE-E677DA10752E}.Debug|x64.Build.0 = Debug|x64
		{69AB9DB7-6B45-41D3-BEAE-E677DA10752E}.Release|x64.ActiveCfg = Debug|x64
		{69AB9DB7-6B45-41D3-BEAE-E677DA10752E}.Release|x64.Build.0 = Debug|x64
		{AF31174D-C05A-4CFB-95B7-D43531053BCD}.Debug|x64.ActiveCfg = Debug|x64
		{AF31174D-C05A-4CFB-95B7-D43531053BCD}.Release|x64.ActiveCfg = Debug|x64
	EndGlobalSection
	GlobalSection(SolutionProperties) = preSolution
		HideSolutionNode = FALSE
	EndGlobalSection
	GlobalSection(ExtensibilityGlobals) = postSolution
		SolutionGuid = {FDC233D7-B820-49A0-9C4D-A9C150974D5D}
	EndGlobalSection
EndGlobal
